
Microsoft Visual Studio Solution File, Format Version 12.00
# Visual Studio Version 17
VisualStudioVersion = 17.1.32421.90
MinimumVisualStudioVersion = 10.0.40219.1
Project("{FAE04EC0-301F-11D3-BF4B-00C04F79EFBC}") = "DICKcord_Bot", "DICKcord_Bot\DICKcord_Bot.csproj", "{C1475B32-7DCF-4B36-A8A1-94E77793488E}"
EndProject
Global
	GlobalSection(SolutionConfigurationPlatforms) = preSolution
		Debug|Any CPU = Debug|Any CPU
		Release|Any CPU = Release|Any CPU
	EndGlobalSection
	GlobalSection(ProjectConfigurationPlatforms) = postSolution
		{C1475B32-7DCF-4B36-A8A1-94E77793488E}.Debug|Any CPU.ActiveCfg = Debug|Any CPU
		{C1475B32-7DCF-4B36-A8A1-94E77793488E}.Debug|Any CPU.Build.0 = Debug|Any CPU
		{C1475B32-7DCF-4B36-A8A1-94E77793488E}.Release|Any CPU.ActiveCfg = Release|Any CPU
		{C1475B32-7DCF-4B36-A8A1-94E77793488E}.Release|Any CPU.Build.0 = Release|Any CPU
	EndGlobalSection
	GlobalSection(SolutionProperties) = preSolution
		HideSolutionNode = FALSE
	EndGlobalSection
	GlobalSection(ExtensibilityGlobals) = postSolution
		SolutionGuid = {5B76607A-BF70-478B-83C9-4CDF8CA48ADF}
	EndGlobalSection
EndGlobal
